
Microsoft Visual Studio Solution File, Format Version 12.00
# Visual Studio Version 16
VisualStudioVersion = 16.0.29230.61
MinimumVisualStudioVersion = 10.0.40219.1
Project("{2150E333-8FDC-42A3-9474-1A3956D46DE8}") = "4 Domain", "4 Domain", "{DCF379AE-74F2-485D-A87F-BB45342BF326}"
EndProject
Project("{2150E333-8FDC-42A3-9474-1A3956D46DE8}") = "5 Infra", "5 Infra", "{ACD0B407-0CEA-49DD-8DAB-DA7542517ECD}"
EndProject
Project("{2150E333-8FDC-42A3-9474-1A3956D46DE8}") = "5.1 Crosscutting", "5.1 Crosscutting", "{9813D466-ECC1-49E4-B8F7-DF8087AE289F}"
EndProject
Project("{2150E333-8FDC-42A3-9474-1A3956D46DE8}") = "5.2 Data", "5.2 Data", "{FF8D7E1C-8C8C-43E1-AD1B-9932C15E48C0}"
EndProject
Project("{2150E333-8FDC-42A3-9474-1A3956D46DE8}") = "5.2.1 Data EF Core", "5.2.1 Data EF Core", "{748E765D-D8EE-42E7-92EA-F69DA7ECA76D}"
EndProject
Project("{2150E333-8FDC-42A3-9474-1A3956D46DE8}") = "5.2.2 Data Dapper", "5.2.2 Data Dapper", "{02E6BE1D-87C4-474D-867C-650A17AD12DC}"
EndProject
Project("{9A19103F-16F7-4668-BE54-9A1E7A4F7556}") = "Domain", "Domain\Domain.csproj", "{19DABC88-73AB-430C-A957-86F21B99A229}"
EndProject
Project("{9A19103F-16F7-4668-BE54-9A1E7A4F7556}") = "DataDapper", "DataDapper\DataDapper.csproj", "{50AFE583-85CF-4A95-9406-49233D8B4F4F}"
EndProject
Project("{2150E333-8FDC-42A3-9474-1A3956D46DE8}") = "2 Services API", "2 Services API", "{78C32B76-2996-42C5-A3A6-F87D81D2C3E5}"
EndProject
Project("{9A19103F-16F7-4668-BE54-9A1E7A4F7556}") = "API", "API\API.csproj", "{BCFC5A91-3ADC-40A1-99DB-663E7ABD9A2C}"
EndProject
Global
	GlobalSection(SolutionConfigurationPlatforms) = preSolution
		Debug|Any CPU = Debug|Any CPU
		Release|Any CPU = Release|Any CPU
	EndGlobalSection
	GlobalSection(ProjectConfigurationPlatforms) = postSolution
		{19DABC88-73AB-430C-A957-86F21B99A229}.Debug|Any CPU.ActiveCfg = Debug|Any CPU
		{19DABC88-73AB-430C-A957-86F21B99A229}.Debug|Any CPU.Build.0 = Debug|Any CPU
		{19DABC88-73AB-430C-A957-86F21B99A229}.Release|Any CPU.ActiveCfg = Release|Any CPU
		{19DABC88-73AB-430C-A957-86F21B99A229}.Release|Any CPU.Build.0 = Release|Any CPU
		{50AFE583-85CF-4A95-9406-49233D8B4F4F}.Debug|Any CPU.ActiveCfg = Debug|Any CPU
		{50AFE583-85CF-4A95-9406-49233D8B4F4F}.Debug|Any CPU.Build.0 = Debug|Any CPU
		{50AFE583-85CF-4A95-9406-49233D8B4F4F}.Release|Any CPU.ActiveCfg = Release|Any CPU
		{50AFE583-85CF-4A95-9406-49233D8B4F4F}.Release|Any CPU.Build.0 = Release|Any CPU
		{BCFC5A91-3ADC-40A1-99DB-663E7ABD9A2C}.Debug|Any CPU.ActiveCfg = Debug|Any CPU
		{BCFC5A91-3ADC-40A1-99DB-663E7ABD9A2C}.Debug|Any CPU.Build.0 = Debug|Any CPU
		{BCFC5A91-3ADC-40A1-99DB-663E7ABD9A2C}.Release|Any CPU.ActiveCfg = Release|Any CPU
		{BCFC5A91-3ADC-40A1-99DB-663E7ABD9A2C}.Release|Any CPU.Build.0 = Release|Any CPU
	EndGlobalSection
	GlobalSection(SolutionProperties) = preSolution
		HideSolutionNode = FALSE
	EndGlobalSection
	GlobalSection(NestedProjects) = preSolution
		{9813D466-ECC1-49E4-B8F7-DF8087AE289F} = {ACD0B407-0CEA-49DD-8DAB-DA7542517ECD}
		{FF8D7E1C-8C8C-43E1-AD1B-9932C15E48C0} = {ACD0B407-0CEA-49DD-8DAB-DA7542517ECD}
		{748E765D-D8EE-42E7-92EA-F69DA7ECA76D} = {FF8D7E1C-8C8C-43E1-AD1B-9932C15E48C0}
		{02E6BE1D-87C4-474D-867C-650A17AD12DC} = {FF8D7E1C-8C8C-43E1-AD1B-9932C15E48C0}
		{19DABC88-73AB-430C-A957-86F21B99A229} = {DCF379AE-74F2-485D-A87F-BB45342BF326}
		{50AFE583-85CF-4A95-9406-49233D8B4F4F} = {02E6BE1D-87C4-474D-867C-650A17AD12DC}
		{BCFC5A91-3ADC-40A1-99DB-663E7ABD9A2C} = {78C32B76-2996-42C5-A3A6-F87D81D2C3E5}
	EndGlobalSection
	GlobalSection(ExtensibilityGlobals) = postSolution
		SolutionGuid = {BA627661-C06D-491D-BE0E-C3B04C13B57B}
	EndGlobalSection
EndGlobal
